
Microsoft Visual Studio Solution File, Format Version 11.00
# Visual Studio 2010
Project("{8BC9CEB8-8B4A-11D0-8D11-00A0C91BC942}") = "CThreadPool", "CThreadPool\CThreadPool.vcxproj", "{F97579BA-6F2C-4FB9-B350-DD72B3DC3A81}"
EndProject
Global
	GlobalSection(SolutionConfigurationPlatforms) = preSolution
		Debug|Win32 = Debug|Win32
		Release|Win32 = Release|Win32
	EndGlobalSection
	GlobalSection(ProjectConfigurationPlatforms) = postSolution
		{F97579BA-6F2C-4FB9-B350-DD72B3DC3A81}.Debug|Win32.ActiveCfg = Debug|Win32
		{F97579BA-6F2C-4FB9-B350-DD72B3DC3A81}.Debug|Win32.Build.0 = Debug|Win32
		{F97579BA-6F2C-4FB9-B350-DD72B3DC3A81}.Release|Win32.ActiveCfg = Release|Win32
		{F97579BA-6F2C-4FB9-B350-DD72B3DC3A81}.Release|Win32.Build.0 = Release|Win32
	EndGlobalSection
	GlobalSection(SolutionProperties) = preSolution
		HideSolutionNode = FALSE
	EndGlobalSection
EndGlobal
